
Microsoft Visual Studio Solution File, Format Version 12.00
# Visual Studio Version 17
VisualStudioVersion = 17.4.33403.182
MinimumVisualStudioVersion = 10.0.40219.1
Project("{FAE04EC0-301F-11D3-BF4B-00C04F79EFBC}") = "adapter", "adapter\adapter.csproj", "{66FF4266-9B36-4ED6-8B69-A2B390E391CF}"
EndProject
Global
	GlobalSection(SolutionConfigurationPlatforms) = preSolution
		Debug|Any CPU = Debug|Any CPU
		Release|Any CPU = Release|Any CPU
	EndGlobalSection
	GlobalSection(ProjectConfigurationPlatforms) = postSolution
		{66FF4266-9B36-4ED6-8B69-A2B390E391CF}.Debug|Any CPU.ActiveCfg = Debug|Any CPU
		{66FF4266-9B36-4ED6-8B69-A2B390E391CF}.Debug|Any CPU.Build.0 = Debug|Any CPU
		{66FF4266-9B36-4ED6-8B69-A2B390E391CF}.Release|Any CPU.ActiveCfg = Release|Any CPU
		{66FF4266-9B36-4ED6-8B69-A2B390E391CF}.Release|Any CPU.Build.0 = Release|Any CPU
	EndGlobalSection
	GlobalSection(SolutionProperties) = preSolution
		HideSolutionNode = FALSE
	EndGlobalSection
	GlobalSection(ExtensibilityGlobals) = postSolution
		SolutionGuid = {00E46EFA-6A1A-42DF-B9C8-2BE4632BE0ED}
	EndGlobalSection
EndGlobal
