
Microsoft Visual Studio Solution File, Format Version 12.00
# Visual Studio Version 17
VisualStudioVersion = 17.0.32126.317
MinimumVisualStudioVersion = 10.0.40219.1
Project("{FAE04EC0-301F-11D3-BF4B-00C04F79EFBC}") = "GuiCodering", "GuiCoderingen\GuiCodering.csproj", "{63840796-259C-4EC6-94E9-CB55E69B717F}"
EndProject
Project("{FAE04EC0-301F-11D3-BF4B-00C04F79EFBC}") = "Coderingen", "Codeeer\Coderingen.csproj", "{36D669E0-BDE9-4839-A1EC-9F624B84DD26}"
EndProject
Project("{FAE04EC0-301F-11D3-BF4B-00C04F79EFBC}") = "CodeerZin", "CodeerZin\CodeerZin.csproj", "{93734634-E218-4DD7-95C3-C6C5035C0E24}"
EndProject
Global
	GlobalSection(SolutionConfigurationPlatforms) = preSolution
		Debug|Any CPU = Debug|Any CPU
		Release|Any CPU = Release|Any CPU
	EndGlobalSection
	GlobalSection(ProjectConfigurationPlatforms) = postSolution
		{63840796-259C-4EC6-94E9-CB55E69B717F}.Debug|Any CPU.ActiveCfg = Debug|Any CPU
		{63840796-259C-4EC6-94E9-CB55E69B717F}.Debug|Any CPU.Build.0 = Debug|Any CPU
		{63840796-259C-4EC6-94E9-CB55E69B717F}.Release|Any CPU.ActiveCfg = Release|Any CPU
		{63840796-259C-4EC6-94E9-CB55E69B717F}.Release|Any CPU.Build.0 = Release|Any CPU
		{36D669E0-BDE9-4839-A1EC-9F624B84DD26}.Debug|Any CPU.ActiveCfg = Debug|Any CPU
		{36D669E0-BDE9-4839-A1EC-9F624B84DD26}.Debug|Any CPU.Build.0 = Debug|Any CPU
		{36D669E0-BDE9-4839-A1EC-9F624B84DD26}.Release|Any CPU.ActiveCfg = Release|Any CPU
		{36D669E0-BDE9-4839-A1EC-9F624B84DD26}.Release|Any CPU.Build.0 = Release|Any CPU
		{93734634-E218-4DD7-95C3-C6C5035C0E24}.Debug|Any CPU.ActiveCfg = Debug|Any CPU
		{93734634-E218-4DD7-95C3-C6C5035C0E24}.Debug|Any CPU.Build.0 = Debug|Any CPU
		{93734634-E218-4DD7-95C3-C6C5035C0E24}.Release|Any CPU.ActiveCfg = Release|Any CPU
		{93734634-E218-4DD7-95C3-C6C5035C0E24}.Release|Any CPU.Build.0 = Release|Any CPU
	EndGlobalSection
	GlobalSection(SolutionProperties) = preSolution
		HideSolutionNode = FALSE
	EndGlobalSection
	GlobalSection(ExtensibilityGlobals) = postSolution
		SolutionGuid = {732B4492-67A8-4B87-B21D-741346742639}
	EndGlobalSection
EndGlobal
