
Microsoft Visual Studio Solution File, Format Version 12.00
# Visual Studio Version 17
VisualStudioVersion = 17.4.33403.182
MinimumVisualStudioVersion = 10.0.40219.1
Project("{FAE04EC0-301F-11D3-BF4B-00C04F79EFBC}") = "strategy", "strategy\strategy.csproj", "{A58044F1-4417-4277-8ABF-F61C6FC6823D}"
EndProject
Global
	GlobalSection(SolutionConfigurationPlatforms) = preSolution
		Debug|Any CPU = Debug|Any CPU
		Release|Any CPU = Release|Any CPU
	EndGlobalSection
	GlobalSection(ProjectConfigurationPlatforms) = postSolution
		{A58044F1-4417-4277-8ABF-F61C6FC6823D}.Debug|Any CPU.ActiveCfg = Debug|Any CPU
		{A58044F1-4417-4277-8ABF-F61C6FC6823D}.Debug|Any CPU.Build.0 = Debug|Any CPU
		{A58044F1-4417-4277-8ABF-F61C6FC6823D}.Release|Any CPU.ActiveCfg = Release|Any CPU
		{A58044F1-4417-4277-8ABF-F61C6FC6823D}.Release|Any CPU.Build.0 = Release|Any CPU
	EndGlobalSection
	GlobalSection(SolutionProperties) = preSolution
		HideSolutionNode = FALSE
	EndGlobalSection
	GlobalSection(ExtensibilityGlobals) = postSolution
		SolutionGuid = {939C9F07-64FD-448C-9228-38BA6AE2120E}
	EndGlobalSection
EndGlobal
