
Microsoft Visual Studio Solution File, Format Version 12.00
# Visual Studio Version 17
VisualStudioVersion = 17.4.33403.182
MinimumVisualStudioVersion = 10.0.40219.1
Project("{FAE04EC0-301F-11D3-BF4B-00C04F79EFBC}") = "facade", "facade\facade.csproj", "{07B1358E-9ADB-4C8A-836E-7187579322ED}"
EndProject
Global
	GlobalSection(SolutionConfigurationPlatforms) = preSolution
		Debug|Any CPU = Debug|Any CPU
		Release|Any CPU = Release|Any CPU
	EndGlobalSection
	GlobalSection(ProjectConfigurationPlatforms) = postSolution
		{07B1358E-9ADB-4C8A-836E-7187579322ED}.Debug|Any CPU.ActiveCfg = Debug|Any CPU
		{07B1358E-9ADB-4C8A-836E-7187579322ED}.Debug|Any CPU.Build.0 = Debug|Any CPU
		{07B1358E-9ADB-4C8A-836E-7187579322ED}.Release|Any CPU.ActiveCfg = Release|Any CPU
		{07B1358E-9ADB-4C8A-836E-7187579322ED}.Release|Any CPU.Build.0 = Release|Any CPU
	EndGlobalSection
	GlobalSection(SolutionProperties) = preSolution
		HideSolutionNode = FALSE
	EndGlobalSection
	GlobalSection(ExtensibilityGlobals) = postSolution
		SolutionGuid = {C5939B56-842E-4BCD-BF5A-A1F7443E44A3}
	EndGlobalSection
EndGlobal
